PODS:
  - appmetrica_plugin (1.3.0):
    - Flutter
    - YandexMobileMetrica (~> 4.4)
  - ds_common (0.0.1):
    - Flutter
  - Firebase/Analytics (10.10.0):
    - Firebase/Core
  - Firebase/Core (10.10.0):
    - Firebase/CoreOnly
    - FirebaseAnalytics (~> 10.10.0)
  - Firebase/CoreOnly (10.10.0):
    - FirebaseCore (= 10.10.0)
  - Firebase/Crashlytics (10.10.0):
    - Firebase/CoreOnly
    - FirebaseCrashlytics (~> 10.10.0)
  - Firebase/RemoteConfig (10.10.0):
    - Firebase/CoreOnly
    - FirebaseRemoteConfig (~> 10.10.0)
  - firebase_analytics (10.4.3):
    - Firebase/Analytics (= 10.10.0)
    - firebase_core
    - Flutter
  - firebase_core (2.14.0):
    - Firebase/CoreOnly (= 10.10.0)
    - Flutter
  - firebase_crashlytics (3.3.3):
    - Firebase/Crashlytics (= 10.10.0)
    - firebase_core
    - Flutter
  - firebase_remote_config (4.2.3):
    - Firebase/RemoteConfig (= 10.10.0)
    - firebase_core
    - Flutter
  - FirebaseABTesting (10.12.0):
    - FirebaseCore (~> 10.0)
  - FirebaseAnalytics (10.10.0):
    - FirebaseAnalytics/AdIdSupport (= 10.10.0)
    - FirebaseCore (~> 10.0)
    - FirebaseInstallations (~> 10.0)
    - GoogleUtilities/AppDelegateSwizzler (~> 7.11)
    - GoogleUtilities/MethodSwizzler (~> 7.11)
    - GoogleUtilities/Network (~> 7.11)
    - "GoogleUtilities/NSData+zlib (~> 7.11)"
    - nanopb (< 2.30910.0, >= 2.30908.0)
  - FirebaseAnalytics/AdIdSupport (10.10.0):
    - FirebaseCore (~> 10.0)
    - FirebaseInstallations (~> 10.0)
    - GoogleAppMeasurement (= 10.10.0)
    - GoogleUtilities/AppDelegateSwizzler (~> 7.11)
    - GoogleUtilities/MethodSwizzler (~> 7.11)
    - GoogleUtilities/Network (~> 7.11)
    - "GoogleUtilities/NSData+zlib (~> 7.11)"
    - nanopb (< 2.30910.0, >= 2.30908.0)
  - FirebaseCore (10.10.0):
    - FirebaseCoreInternal (~> 10.0)
    - GoogleUtilities/Environment (~> 7.8)
    - GoogleUtilities/Logger (~> 7.8)
  - FirebaseCoreExtension (10.12.0):
    - FirebaseCore (~> 10.0)
  - FirebaseCoreInternal (10.12.0):
    - "GoogleUtilities/NSData+zlib (~> 7.8)"
  - FirebaseCrashlytics (10.10.0):
    - FirebaseCore (~> 10.5)
    - FirebaseInstallations (~> 10.0)
    - FirebaseSessions (~> 10.5)
    - GoogleDataTransport (~> 9.2)
    - GoogleUtilities/Environment (~> 7.8)
    - nanopb (< 2.30910.0, >= 2.30908.0)
    - PromisesObjC (~> 2.1)
  - FirebaseInstallations (10.12.0):
    - FirebaseCore (~> 10.0)
    - GoogleUtilities/Environment (~> 7.8)
    - GoogleUtilities/UserDefaults (~> 7.8)
    - PromisesObjC (~> 2.1)
  - FirebaseRemoteConfig (10.10.0):
    - FirebaseABTesting (~> 10.0)
    - FirebaseCore (~> 10.0)
    - FirebaseInstallations (~> 10.0)
    - GoogleUtilities/Environment (~> 7.8)
    - "GoogleUtilities/NSData+zlib (~> 7.8)"
  - FirebaseSessions (10.12.0):
    - FirebaseCore (~> 10.5)
    - FirebaseCoreExtension (~> 10.0)
    - FirebaseInstallations (~> 10.0)
    - GoogleDataTransport (~> 9.2)
    - GoogleUtilities/Environment (~> 7.10)
    - nanopb (< 2.30910.0, >= 2.30908.0)
    - PromisesSwift (~> 2.1)
  - Flutter (1.0.0)
  - GoogleAppMeasurement (10.10.0):
    - GoogleAppMeasurement/AdIdSupport (= 10.10.0)
    - GoogleUtilities/AppDelegateSwizzler (~> 7.11)
    - GoogleUtilities/MethodSwizzler (~> 7.11)
    - GoogleUtilities/Network (~> 7.11)
    - "GoogleUtilities/NSData+zlib (~> 7.11)"
    - nanopb (< 2.30910.0, >= 2.30908.0)
  - GoogleAppMeasurement/AdIdSupport (10.10.0):
    - GoogleAppMeasurement/WithoutAdIdSupport (= 10.10.0)
    - GoogleUtilities/AppDelegateSwizzler (~> 7.11)
    - GoogleUtilities/MethodSwizzler (~> 7.11)
    - GoogleUtilities/Network (~> 7.11)
    - "GoogleUtilities/NSData+zlib (~> 7.11)"
    - nanopb (< 2.30910.0, >= 2.30908.0)
  - GoogleAppMeasurement/WithoutAdIdSupport (10.10.0):
    - GoogleUtilities/AppDelegateSwizzler (~> 7.11)
    - GoogleUtilities/MethodSwizzler (~> 7.11)
    - GoogleUtilities/Network (~> 7.11)
    - "GoogleUtilities/NSData+zlib (~> 7.11)"
    - nanopb (< 2.30910.0, >= 2.30908.0)
  - GoogleDataTransport (9.2.3):
    - GoogleUtilities/Environment (~> 7.7)
    - nanopb (< 2.30910.0, >= 2.30908.0)
    - PromisesObjC (< 3.0, >= 1.2)
  - GoogleUtilities/AppDelegateSwizzler (7.11.4):
    - GoogleUtilities/Environment
    - GoogleUtilities/Logger
    - GoogleUtilities/Network
  - GoogleUtilities/Environment (7.11.4):
    - PromisesObjC (< 3.0, >= 1.2)
  - GoogleUtilities/Logger (7.11.4):
    - GoogleUtilities/Environment
  - GoogleUtilities/MethodSwizzler (7.11.4):
    - GoogleUtilities/Logger
  - GoogleUtilities/Network (7.11.4):
    - GoogleUtilities/Logger
    - "GoogleUtilities/NSData+zlib"
    - GoogleUtilities/Reachability
  - "GoogleUtilities/NSData+zlib (7.11.4)"
  - GoogleUtilities/Reachability (7.11.4):
    - GoogleUtilities/Logger
  - GoogleUtilities/UserDefaults (7.11.4):
    - GoogleUtilities/Logger
  - nanopb (2.30909.0):
    - nanopb/decode (= 2.30909.0)
    - nanopb/encode (= 2.30909.0)
  - nanopb/decode (2.30909.0)
  - nanopb/encode (2.30909.0)
  - package_info_plus (0.4.5):
    - Flutter
  - PromisesObjC (2.3.1)
  - PromisesSwift (2.3.1):
    - PromisesObjC (= 2.3.1)
  - shared_preferences_foundation (0.0.1):
    - Flutter
    - FlutterMacOS
  - UserX/Fat (2.0.6)
  - userx_flutter (1.0.0):
    - Flutter
    - UserX/Fat
  - YandexMobileMetrica (4.5.2):
    - YandexMobileMetrica/Static (= 4.5.2)
  - YandexMobileMetrica/Static (4.5.2):
    - YandexMobileMetrica/Static/Core (= 4.5.2)
    - YandexMobileMetrica/Static/Crashes (= 4.5.2)
  - YandexMobileMetrica/Static/Core (4.5.2)
  - YandexMobileMetrica/Static/Crashes (4.5.2):
    - YandexMobileMetrica/Static/Core

DEPENDENCIES:
  - appmetrica_plugin (from `.symlinks/plugins/appmetrica_plugin/ios`)
  - ds_common (from `.symlinks/plugins/ds_common/ios`)
  - firebase_analytics (from `.symlinks/plugins/firebase_analytics/ios`)
  - firebase_core (from `.symlinks/plugins/firebase_core/ios`)
  - firebase_crashlytics (from `.symlinks/plugins/firebase_crashlytics/ios`)
  - firebase_remote_config (from `.symlinks/plugins/firebase_remote_config/ios`)
  - Flutter (from `Flutter`)
  - package_info_plus (from `.symlinks/plugins/package_info_plus/ios`)
  - shared_preferences_foundation (from `.symlinks/plugins/shared_preferences_foundation/darwin`)
  - userx_flutter (from `.symlinks/plugins/userx_flutter/ios`)

SPEC REPOS:
  trunk:
    - Firebase
    - FirebaseABTesting
    - FirebaseAnalytics
    - FirebaseCore
    - FirebaseCoreExtension
    - FirebaseCoreInternal
    - FirebaseCrashlytics
    - FirebaseInstallations
    - FirebaseRemoteConfig
    - FirebaseSessions
    - GoogleAppMeasurement
    - GoogleDataTransport
    - GoogleUtilities
    - nanopb
    - PromisesObjC
    - PromisesSwift
    - UserX
    - YandexMobileMetrica

EXTERNAL SOURCES:
  appmetrica_plugin:
    :path: ".symlinks/plugins/appmetrica_plugin/ios"
  ds_common:
    :path: ".symlinks/plugins/ds_common/ios"
  firebase_analytics:
    :path: ".symlinks/plugins/firebase_analytics/ios"
  firebase_core:
    :path: ".symlinks/plugins/firebase_core/ios"
  firebase_crashlytics:
    :path: ".symlinks/plugins/firebase_crashlytics/ios"
  firebase_remote_config:
    :path: ".symlinks/plugins/firebase_remote_config/ios"
  Flutter:
    :path: Flutter
  package_info_plus:
    :path: ".symlinks/plugins/package_info_plus/ios"
  shared_preferences_foundation:
    :path: ".symlinks/plugins/shared_preferences_foundation/darwin"
  userx_flutter:
    :path: ".symlinks/plugins/userx_flutter/ios"

SPEC CHECKSUMS:
  appmetrica_plugin: fa1c36075aaf3acf21816c0acf0707ac2b58f52e
  ds_common: 01276c683ba48242ab2bf58680ab3bd4c92de601
  Firebase: facd334e557a979bd03a0b58d90fd56b52b8aba0
  firebase_analytics: 1a5ad75876257318ba5fdc6bf7aae73b6e98d0cf
  firebase_core: 85b6664038311940ad60584eaabc73103c61f5de
  firebase_crashlytics: cd12245f604099a4ef6557fb36490abe309a118a
  firebase_remote_config: 1d054d8de1d52ac654797526ad442e92802a64a1
  FirebaseABTesting: 09c328e6a86d562b4e1146c8a9073deadc566b77
  FirebaseAnalytics: 7bc7de519111dae802f5bc0c9c083918f8b8870d
  FirebaseCore: d027ff503d37edb78db98429b11f580a24a7df2a
  FirebaseCoreExtension: 0ce5ac36042001cfa233ce7bfa28e5c313cf80f4
  FirebaseCoreInternal: 950500ad8a08963657f6d8c67b579740c06d6aa1
  FirebaseCrashlytics: bc8f3bed7f4d04be79d87391455efb4c9b163131
  FirebaseInstallations: 7b99ef103f013624444c614397038219c45f8e63
  FirebaseRemoteConfig: 8ef82c9d0bc45525a3d152d958f08742523ca5a9
  FirebaseSessions: a4ee211eeb31a2224cd8d9d4e30a0fccde9aa00c
  Flutter: f04841e97a9d0b0a8025694d0796dd46242b2854
  GoogleAppMeasurement: bbbfd4bcb2b40ae9b772c3b0823a58c1e3d618f9
  GoogleDataTransport: f0308f5905a745f94fb91fea9c6cbaf3831cb1bd
  GoogleUtilities: c63691989bf362ba0505507da00eeb326192e83e
  nanopb: b552cce312b6c8484180ef47159bc0f65a1f0431
  package_info_plus: fd030dabf36271f146f1f3beacd48f564b0f17f7
  PromisesObjC: c50d2056b5253dadbd6c2bea79b0674bd5a52fa4
  PromisesSwift: 28dca69a9c40779916ac2d6985a0192a5cb4a265
  shared_preferences_foundation: e2dae3258e06f44cc55f49d42024fd8dd03c590c
  UserX: a73bb8818ae6bce02a81efd44de40662c4b1aab7
  userx_flutter: 4b0ec25ddb9205c68f940978b120179e05a35c7a
  YandexMobileMetrica: f5368ee93f286c793d73b58da00929babfc897c1

PODFILE CHECKSUM: ef19549a9bc3046e7bb7d2fab4d021637c0c58a3

COCOAPODS: 1.12.1
